{
  "name": "my-electron-app",
  "version": "1.0.0",
  "lockfileVersion": 3,
  "requires": true,
  "packages": {
    "": {
      "name": "my-electron-app",
      "version": "1.0.0",
      "license": "ISC",
      "dependencies": {
        "@material-ui/core": "^4.12.4",
        "electron": "^29.1.1",
        "react": "^17.0.2",
        "react-dom": "^17.0.2"
      },
      "devDependencies": {
        "@types/node": "^20.11.26",
        "@types/react": "^17.0.76",
        "@types/react-dom": "^18.2.21",
        "typescript": "^5.4.2"
      }
    },
    "node_modules/@babel/runtime": {
      "version": "7.24.0",
      "resolved": "https://registry.npmjs.org/@babel/runtime/-/runtime-7.24.0.tgz",
      "integrity": "sha512-Chk32uHMg6TnQdvw2e9IlqPpFX/6NLuK0Ys2PqLb7/gL5uFn9mXvK715FGLlOLQrcO4qIkNHkvPGktzzXexsFw==",
      "dependencies": {
        "regenerator-runtime": "^0.14.0"
      },
      "engines": {
        "node": ">=6.9.0"
      }
    },
    "node_modules/@electron/get": {
      "version": "2.0.3",
      "resolved": "https://registry.npmjs.org/@electron/get/-/get-2.0.3.tgz",
      "integrity": "sha512-Qkzpg2s9GnVV2I2BjRksUi43U5e6+zaQMcjoJy0C+C5oxaKl+fmckGDQFtRpZpZV0NQekuZZ+tGz7EA9TVnQtQ==",
      "dependencies": {
        "debug": "^4.1.1",
        "env-paths": "^2.2.0",
        "fs-extra": "^8.1.0",
        "got": "^11.8.5",
        "progress": "^2.0.3",
        "semver": "^6.2.0",
        "sumchecker": "^3.0.1"
      },
      "engines": {
        "node": ">=12"
      },
      "optionalDependencies": {
        "global-agent": "^3.0.0"
      }
    },
    "node_modules/@emotion/hash": {
      "version": "0.8.0",
      "resolved": "https://registry.npmjs.org/@emotion/hash/-/hash-0.8.0.tgz",
      "integrity": "sha512-kBJtf7PH6aWwZ6fka3zQ0p6SBYzx4fl1LoZXE2RrnYST9Xljm7WfKJrU4g/Xr3Beg72MLrp1AWNUmuYJTL7Cow=="
    },
    "node_modules/@material-ui/core": {
      "version": "4.12.4",
      "resolved": "https://registry.npmjs.org/@material-ui/core/-/core-4.12.4.tgz",
      "integrity": "sha512-tr7xekNlM9LjA6pagJmL8QCgZXaubWUwkJnoYcMKd4gw/t4XiyvnTkjdGrUVicyB2BsdaAv1tvow45bPM4sSwQ==",
      "deprecated": "Material UI v4 doesn't receive active development since September 2021. See the guide https://mui.com/material-ui/migration/migration-v4/ to upgrade to v5.",
      "dependencies": {
        "@babel/runtime": "^7.4.4",
        "@material-ui/styles": "^4.11.5",
        "@material-ui/system": "^4.12.2",
        "@material-ui/types": "5.1.0",
        "@material-ui/utils": "^4.11.3",
        "@types/react-transition-group": "^4.2.0",
        "clsx": "^1.0.4",
        "hoist-non-react-statics": "^3.3.2",
        "popper.js": "1.16.1-lts",
        "prop-types": "^15.7.2",
        "react-is": "^16.8.0 || ^17.0.0",
        "react-transition-group": "^4.4.0"
      },
      "engines": {
        "node": ">=8.0.0"
      },
      "funding": {
        "type": "opencollective",
        "url": "https://opencollective.com/material-ui"
      },
      "peerDependencies": {
        "@types/react": "^16.8.6 || ^17.0.0",
        "react": "^16.8.0 || ^17.0.0",
        "react-dom": "^16.8.0 || ^17.0.0"
      },
      "peerDependenciesMeta": {
        "@types/react": {
          "optional": true
        }
      }
    },
    "node_modules/@material-ui/styles": {
      "version": "4.11.5",
      "resolved": "https://registry.npmjs.org/@material-ui/styles/-/styles-4.11.5.tgz",
      "integrity": "sha512-o/41ot5JJiUsIETME9wVLAJrmIWL3j0R0Bj2kCOLbSfqEkKf0fmaPt+5vtblUh5eXr2S+J/8J3DaCb10+CzPGA==",
      "deprecated": "Material UI v4 doesn't receive active development since September 2021. See the guide https://mui.com/material-ui/migration/migration-v4/ to upgrade to v5.",
      "dependencies": {
        "@babel/runtime": "^7.4.4",
        "@emotion/hash": "^0.8.0",
        "@material-ui/types": "5.1.0",
        "@material-ui/utils": "^4.11.3",
        "clsx": "^1.0.4",
        "csstype": "^2.5.2",
        "hoist-non-react-statics": "^3.3.2",
        "jss": "^10.5.1",
        "jss-plugin-camel-case": "^10.5.1",
        "jss-plugin-default-unit": "^10.5.1",
        "jss-plugin-global": "^10.5.1",
        "jss-plugin-nested": "^10.5.1",
        "jss-plugin-props-sort": "^10.5.1",
        "jss-plugin-rule-value-function": "^10.5.1",
        "jss-plugin-vendor-prefixer": "^10.5.1",
        "prop-types": "^15.7.2"
      },
      "engines": {
        "node": ">=8.0.0"
      },
      "funding": {
        "type": "opencollective",
        "url": "https://opencollective.com/material-ui"
      },
      "peerDependencies": {
        "@types/react": "^16.8.6 || ^17.0.0",
        "react": "^16.8.0 || ^17.0.0",
        "react-dom": "^16.8.0 || ^17.0.0"
      },
      "peerDependenciesMeta": {
        "@types/react": {
          "optional": true
        }
      }
    },
    "node_modules/@material-ui/system": {
      "version": "4.12.2",
      "resolved": "https://registry.npmjs.org/@material-ui/system/-/system-4.12.2.tgz",
      "integrity": "sha512-6CSKu2MtmiJgcCGf6nBQpM8fLkuB9F55EKfbdTC80NND5wpTmKzwdhLYLH3zL4cLlK0gVaaltW7/wMuyTnN0Lw==",
      "dependencies": {
        "@babel/runtime": "^7.4.4",
        "@material-ui/utils": "^4.11.3",
        "csstype": "^2.5.2",
        "prop-types": "^15.7.2"
      },
      "engines": {
        "node": ">=8.0.0"
      },
      "funding": {
        "type": "opencollective",
        "url": "https://opencollective.com/material-ui"
      },
      "peerDependencies": {
        "@types/react": "^16.8.6 || ^17.0.0",
        "react": "^16.8.0 || ^17.0.0",
        "react-dom": "^16.8.0 || ^17.0.0"
      },
      "peerDependenciesMeta": {
        "@types/react": {
          "optional": true
        }
      }
    },
    "node_modules/@material-ui/types": {
      "version": "5.1.0",
      "resolved": "https://registry.npmjs.org/@material-ui/types/-/types-5.1.0.tgz",
      "integrity": "sha512-7cqRjrY50b8QzRSYyhSpx4WRw2YuO0KKIGQEVk5J8uoz2BanawykgZGoWEqKm7pVIbzFDN0SpPcVV4IhOFkl8A==",
      "peerDependencies": {
        "@types/react": "*"
      },
      "peerDependenciesMeta": {
        "@types/react": {
          "optional": true
        }
      }
    },
    "node_modules/@material-ui/utils": {
      "version": "4.11.3",
      "resolved": "https://registry.npmjs.org/@material-ui/utils/-/utils-4.11.3.tgz",
      "integrity": "sha512-ZuQPV4rBK/V1j2dIkSSEcH5uT6AaHuKWFfotADHsC0wVL1NLd2WkFCm4ZZbX33iO4ydl6V0GPngKm8HZQ2oujg==",
      "dependencies": {
        "@babel/runtime": "^7.4.4",
        "prop-types": "^15.7.2",
        "react-is": "^16.8.0 || ^17.0.0"
      },
      "engines": {
        "node": ">=8.0.0"
      },
      "peerDependencies": {
        "react": "^16.8.0 || ^17.0.0",
        "react-dom": "^16.8.0 || ^17.0.0"
      }
    },
    "node_modules/@sindresorhus/is": {
      "version": "4.6.0",
      "resolved": "https://registry.npmjs.org/@sindresorhus/is/-/is-4.6.0.tgz",
      "integrity": "sha512-t09vSN3MdfsyCHoFcTRCH/iUtG7OJ0CsjzB8cjAmKc/va/kIgeDI/TxsigdncE/4be734m0cvIYwNaV4i2XqAw==",
      "engines": {
        "node": ">=10"
      },
      "funding": {
        "url": "https://github.com/sindresorhus/is?sponsor=1"
      }
    },
    "node_modules/@szmarczak/http-timer": {
      "version": "4.0.6",
      "resolved": "https://registry.npmjs.org/@szmarczak/http-timer/-/http-timer-4.0.6.tgz",
      "integrity": "sha512-4BAffykYOgO+5nzBWYwE3W90sBgLJoUPRWWcL8wlyiM8IB8ipJz3UMJ9KXQd1RKQXpKp8Tutn80HZtWsu2u76w==",
      "dependencies": {
        "defer-to-connect": "^2.0.0"
      },
      "engines": {
        "node": ">=10"
      }
    },
    "node_modules/@types/cacheable-request": {
      "version": "6.0.3",
      "resolved": "https://registry.npmjs.org/@types/cacheable-request/-/cacheable-request-6.0.3.tgz",
      "integrity": "sha512-IQ3EbTzGxIigb1I3qPZc1rWJnH0BmSKv5QYTalEwweFvyBDLSAe24zP0le/hyi7ecGfZVlIVAg4BZqb8WBwKqw==",
      "dependencies": {
        "@types/http-cache-semantics": "*",
        "@types/keyv": "^3.1.4",
        "@types/node": "*",
        "@types/responselike": "^1.0.0"
      }
    },
    "node_modules/@types/http-cache-semantics": {
      "version": "4.0.4",
      "resolved": "https://registry.npmjs.org/@types/http-cache-semantics/-/http-cache-semantics-4.0.4.tgz",
      "integrity": "sha512-1m0bIFVc7eJWyve9S0RnuRgcQqF/Xd5QsUZAZeQFr1Q3/p9JWoQQEqmVy+DPTNpGXwhgIetAoYF8JSc33q29QA=="
    },
    "node_modules/@types/keyv": {
      "version": "3.1.4",
      "resolved": "https://registry.npmjs.org/@types/keyv/-/keyv-3.1.4.tgz",
      "integrity": "sha512-BQ5aZNSCpj7D6K2ksrRCTmKRLEpnPvWDiLPfoGyhZ++8YtiK9d/3DBKPJgry359X/P1PfruyYwvnvwFjuEiEIg==",
      "dependencies": {
        "@types/node": "*"
      }
    },
    "node_modules/@types/node": {
      "version": "20.11.26",
      "resolved": "https://registry.npmjs.org/@types/node/-/node-20.11.26.tgz",
      "integrity": "sha512-YwOMmyhNnAWijOBQweOJnQPl068Oqd4K3OFbTc6AHJwzweUwwWG3GIFY74OKks2PJUDkQPeddOQES9mLn1CTEQ==",
      "dependencies": {
        "undici-types": "~5.26.4"
      }
    },
    "node_modules/@types/prop-types": {
      "version": "15.7.11",
      "resolved": "https://registry.npmjs.org/@types/prop-types/-/prop-types-15.7.11.tgz",
      "integrity": "sha512-ga8y9v9uyeiLdpKddhxYQkxNDrfvuPrlFb0N1qnZZByvcElJaXthF1UhvCh9TLWJBEHeNtdnbysW7Y6Uq8CVng=="
    },
    "node_modules/@types/react": {
      "version": "17.0.76",
      "resolved": "https://registry.npmjs.org/@types/react/-/react-17.0.76.tgz",
      "integrity": "sha512-w9Aq+qeszGYoQM0hgFcdsAODGJdogadBDiitPm+zjBFJ0mLymvn2qSXsDaLJUndFRqqXk1FQfa9avHUBk1JhJQ==",
      "dependencies": {
        "@types/prop-types": "*",
        "@types/scheduler": "*",
        "csstype": "^3.0.2"
      }
    },
    "node_modules/@types/react-dom": {
      "version": "18.2.21",
      "resolved": "https://registry.npmjs.org/@types/react-dom/-/react-dom-18.2.21.tgz",
      "integrity": "sha512-gnvBA/21SA4xxqNXEwNiVcP0xSGHh/gi1VhWv9Bl46a0ItbTT5nFY+G9VSQpaG/8N/qdJpJ+vftQ4zflTtnjLw==",
      "dev": true,
      "dependencies": {
        "@types/react": "*"
      }
    },
    "node_modules/@types/react-transition-group": {
      "version": "4.4.10",
      "resolved": "https://registry.npmjs.org/@types/react-transition-group/-/react-transition-group-4.4.10.tgz",
      "integrity": "sha512-hT/+s0VQs2ojCX823m60m5f0sL5idt9SO6Tj6Dg+rdphGPIeJbJ6CxvBYkgkGKrYeDjvIpKTR38UzmtHJOGW3Q==",
      "dependencies": {
        "@types/react": "*"
      }
    },
    "node_modules/@types/react/node_modules/csstype": {
      "version": "3.1.3",
      "resolved": "https://registry.npmjs.org/csstype/-/csstype-3.1.3.tgz",
      "integrity": "sha512-M1uQkMl8rQK/szD0LNhtqxIPLpimGm8sOBwU7lLnCpSbTyY3yeU1Vc7l4KT5zT4s/yOxHH5O7tIuuLOCnLADRw=="
    },
    "node_modules/@types/responselike": {
      "version": "1.0.3",
      "resolved": "https://registry.npmjs.org/@types/responselike/-/responselike-1.0.3.tgz",
      "integrity": "sha512-H/+L+UkTV33uf49PH5pCAUBVPNj2nDBXTN+qS1dOwyyg24l3CcicicCA7ca+HMvJBZcFgl5r8e+RR6elsb4Lyw==",
      "dependencies": {
        "@types/node": "*"
      }
    },
    "node_modules/@types/scheduler": {
      "version": "0.16.8",
      "resolved": "https://registry.npmjs.org/@types/scheduler/-/scheduler-0.16.8.tgz",
      "integrity": "sha512-WZLiwShhwLRmeV6zH+GkbOFT6Z6VklCItrDioxUnv+u4Ll+8vKeFySoFyK/0ctcRpOmwAicELfmys1sDc/Rw+A=="
    },
    "node_modules/@types/yauzl": {
      "version": "2.10.3",
      "resolved": "https://registry.npmjs.org/@types/yauzl/-/yauzl-2.10.3.tgz",
      "integrity": "sha512-oJoftv0LSuaDZE3Le4DbKX+KS9G36NzOeSap90UIK0yMA/NhKJhqlSGtNDORNRaIbQfzjXDrQa0ytJ6mNRGz/Q==",
      "optional": true,
      "dependencies": {
        "@types/node": "*"
      }
    },
    "node_modules/boolean": {
      "version": "3.2.0",
      "resolved": "https://registry.npmjs.org/boolean/-/boolean-3.2.0.tgz",
      "integrity": "sha512-d0II/GO9uf9lfUHH2BQsjxzRJZBdsjgsBiW4BvhWk/3qoKwQFjIDVN19PfX8F2D/r9PCMTtLWjYVCFrpeYUzsw==",
      "optional": true
    },
    "node_modules/buffer-crc32": {
      "version": "0.2.13",
      "resolved": "https://registry.npmjs.org/buffer-crc32/-/buffer-crc32-0.2.13.tgz",
      "integrity": "sha512-VO9Ht/+p3SN7SKWqcrgEzjGbRSJYTx+Q1pTQC0wrWqHx0vpJraQ6GtHx8tvcg1rlK1byhU5gccxgOgj7B0TDkQ==",
      "engines": {
        "node": "*"
      }
    },
    "node_modules/cacheable-lookup": {
      "version": "5.0.4",
      "resolved": "https://registry.npmjs.org/cacheable-lookup/-/cacheable-lookup-5.0.4.tgz",
      "integrity": "sha512-2/kNscPhpcxrOigMZzbiWF7dz8ilhb/nIHU3EyZiXWXpeq/au8qJ8VhdftMkty3n7Gj6HIGalQG8oiBNB3AJgA==",
      "engines": {
        "node": ">=10.6.0"
      }
    },
    "node_modules/cacheable-request": {
      "version": "7.0.4",
      "resolved": "https://registry.npmjs.org/cacheable-request/-/cacheable-request-7.0.4.tgz",
      "integrity": "sha512-v+p6ongsrp0yTGbJXjgxPow2+DL93DASP4kXCDKb8/bwRtt9OEF3whggkkDkGNzgcWy2XaF4a8nZglC7uElscg==",
      "dependencies": {
        "clone-response": "^1.0.2",
        "get-stream": "^5.1.0",
        "http-cache-semantics": "^4.0.0",
        "keyv": "^4.0.0",
        "lowercase-keys": "^2.0.0",
        "normalize-url": "^6.0.1",
        "responselike": "^2.0.0"
      },
      "engines": {
        "node": ">=8"
      }
    },
    "node_modules/clone-response": {
      "version": "1.0.3",
      "resolved": "https://registry.npmjs.org/clone-response/-/clone-response-1.0.3.tgz",
      "integrity": "sha512-ROoL94jJH2dUVML2Y/5PEDNaSHgeOdSDicUyS7izcF63G6sTc/FTjLub4b8Il9S8S0beOfYt0TaA5qvFK+w0wA==",
      "dependencies": {
        "mimic-response": "^1.0.0"
      },
      "funding": {
        "url": "https://github.com/sponsors/sindresorhus"
      }
    },
    "node_modules/clsx": {
      "version": "1.2.1",
      "resolved": "https://registry.npmjs.org/clsx/-/clsx-1.2.1.tgz",
      "integrity": "sha512-EcR6r5a8bj6pu3ycsa/E/cKVGuTgZJZdsyUYHOksG/UHIiKfjxzRxYJpyVBwYaQeOvghal9fcc4PidlgzugAQg==",
      "engines": {
        "node": ">=6"
      }
    },
    "node_modules/css-vendor": {
      "version": "2.0.8",
      "resolved": "https://registry.npmjs.org/css-vendor/-/css-vendor-2.0.8.tgz",
      "integrity": "sha512-x9Aq0XTInxrkuFeHKbYC7zWY8ai7qJ04Kxd9MnvbC1uO5DagxoHQjm4JvG+vCdXOoFtCjbL2XSZfxmoYa9uQVQ==",
      "dependencies": {
        "@babel/runtime": "^7.8.3",
        "is-in-browser": "^1.0.2"
      }
    },
    "node_modules/csstype": {
      "version": "2.6.21",
      "resolved": "https://registry.npmjs.org/csstype/-/csstype-2.6.21.tgz",
      "integrity": "sha512-Z1PhmomIfypOpoMjRQB70jfvy/wxT50qW08YXO5lMIJkrdq4yOTR+AW7FqutScmB9NkLwxo+jU+kZLbofZZq/w=="
    },
    "node_modules/debug": {
      "version": "4.3.4",
      "resolved": "https://registry.npmjs.org/debug/-/debug-4.3.4.tgz",
      "integrity": "sha512-PRWFHuSU3eDtQJPvnNY7Jcket1j0t5OuOsFzPPzsekD52Zl8qUfFIPEiswXqIvHWGVHOgX+7G/vCNNhehwxfkQ==",
      "dependencies": {
        "ms": "2.1.2"
      },
      "engines": {
        "node": ">=6.0"
      },
      "peerDependenciesMeta": {
        "supports-color": {
          "optional": true
        }
      }
    },
    "node_modules/decompress-response": {
      "version": "6.0.0",
      "resolved": "https://registry.npmjs.org/decompress-response/-/decompress-response-6.0.0.tgz",
      "integrity": "sha512-aW35yZM6Bb/4oJlZncMH2LCoZtJXTRxES17vE3hoRiowU2kWHaJKFkSBDnDR+cm9J+9QhXmREyIfv0pji9ejCQ==",
      "dependencies": {
        "mimic-response": "^3.1.0"
      },
      "engines": {
        "node": ">=10"
      },
      "funding": {
        "url": "https://github.com/sponsors/sindresorhus"
      }
    },
    "node_modules/decompress-response/node_modules/mimic-response": {
      "version": "3.1.0",
      "resolved": "https://registry.npmjs.org/mimic-response/-/mimic-response-3.1.0.tgz",
      "integrity": "sha512-z0yWI+4FDrrweS8Zmt4Ej5HdJmky15+L2e6Wgn3+iK5fWzb6T3fhNFq2+MeTRb064c6Wr4N/wv0DzQTjNzHNGQ==",
      "engines": {
        "node": ">=10"
      },
      "funding": {
        "url": "https://github.com/sponsors/sindresorhus"
      }
    },
    "node_modules/defer-to-connect": {
      "version": "2.0.1",
      "resolved": "https://registry.npmjs.org/defer-to-connect/-/defer-to-connect-2.0.1.tgz",
      "integrity": "sha512-4tvttepXG1VaYGrRibk5EwJd1t4udunSOVMdLSAL6mId1ix438oPwPZMALY41FCijukO1L0twNcGsdzS7dHgDg==",
      "engines": {
        "node": ">=10"
      }
    },
    "node_modules/define-data-property": {
      "version": "1.1.4",
      "resolved": "https://registry.npmjs.org/define-data-property/-/define-data-property-1.1.4.tgz",
      "integrity": "sha512-rBMvIzlpA8v6E+SJZoo++HAYqsLrkg7MSfIinMPFhmkorw7X+dOXVJQs+QT69zGkzMyfDnIMN2Wid1+NbL3T+A==",
      "optional": true,
      "dependencies": {
        "es-define-property": "^1.0.0",
        "es-errors": "^1.3.0",
        "gopd": "^1.0.1"
      },
      "engines": {
        "node": ">= 0.4"
      },
      "funding": {
        "url": "https://github.com/sponsors/ljharb"
      }
    },
    "node_modules/define-properties": {
      "version": "1.2.1",
      "resolved": "https://registry.npmjs.org/define-properties/-/define-properties-1.2.1.tgz",
      "integrity": "sha512-8QmQKqEASLd5nx0U1B1okLElbUuuttJ/AnYmRXbbbGDWh6uS208EjD4Xqq/I9wK7u0v6O08XhTWnt5XtEbR6Dg==",
      "optional": true,
      "dependencies": {
        "define-data-property": "^1.0.1",
        "has-property-descriptors": "^1.0.0",
        "object-keys": "^1.1.1"
      },
      "engines": {
        "node": ">= 0.4"
      },
      "funding": {
        "url": "https://github.com/sponsors/ljharb"
      }
    },
    "node_modules/detect-node": {
      "version": "2.1.0",
      "resolved": "https://registry.npmjs.org/detect-node/-/detect-node-2.1.0.tgz",
      "integrity": "sha512-T0NIuQpnTvFDATNuHN5roPwSBG83rFsuO+MXXH9/3N1eFbn4wcPjttvjMLEPWJ0RGUYgQE7cGgS3tNxbqCGM7g==",
      "optional": true
    },
    "node_modules/dom-helpers": {
      "version": "5.2.1",
      "resolved": "https://registry.npmjs.org/dom-helpers/-/dom-helpers-5.2.1.tgz",
      "integrity": "sha512-nRCa7CK3VTrM2NmGkIy4cbK7IZlgBE/PYMn55rrXefr5xXDP0LdtfPnblFDoVdcAfslJ7or6iqAUnx0CCGIWQA==",
      "dependencies": {
        "@babel/runtime": "^7.8.7",
        "csstype": "^3.0.2"
      }
    },
    "node_modules/dom-helpers/node_modules/csstype": {
      "version": "3.1.3",
      "resolved": "https://registry.npmjs.org/csstype/-/csstype-3.1.3.tgz",
      "integrity": "sha512-M1uQkMl8rQK/szD0LNhtqxIPLpimGm8sOBwU7lLnCpSbTyY3yeU1Vc7l4KT5zT4s/yOxHH5O7tIuuLOCnLADRw=="
    },
    "node_modules/electron": {
      "version": "29.1.1",
      "resolved": "https://registry.npmjs.org/electron/-/electron-29.1.1.tgz",
      "integrity": "sha512-cXN15NgCi7MkzGo5/23ZQbii+0UfhmUiDjACunmzcUofYCjF42XhFbL7JZnwgI0qtBCCeJU8qZNZt9lU91gUFw==",
      "hasInstallScript": true,
      "dependencies": {
        "@electron/get": "^2.0.0",
        "@types/node": "^20.9.0",
        "extract-zip": "^2.0.1"
      },
      "bin": {
        "electron": "cli.js"
      },
      "engines": {
        "node": ">= 12.20.55"
      }
    },
    "node_modules/end-of-stream": {
      "version": "1.4.4",
      "resolved": "https://registry.npmjs.org/end-of-stream/-/end-of-stream-1.4.4.tgz",
      "integrity": "sha512-+uw1inIHVPQoaVuHzRyXd21icM+cnt4CzD5rW+NC1wjOUSTOs+Te7FOv7AhN7vS9x/oIyhLP5PR1H+phQAHu5Q==",
      "dependencies": {
        "once": "^1.4.0"
      }
    },
    "node_modules/env-paths": {
      "version": "2.2.1",
      "resolved": "https://registry.npmjs.org/env-paths/-/env-paths-2.2.1.tgz",
      "integrity": "sha512-+h1lkLKhZMTYjog1VEpJNG7NZJWcuc2DDk/qsqSTRRCOXiLjeQ1d1/udrUGhqMxUgAlwKNZ0cf2uqan5GLuS2A==",
      "engines": {
        "node": ">=6"
      }
    },
    "node_modules/es-define-property": {
      "version": "1.0.0",
      "resolved": "https://registry.npmjs.org/es-define-property/-/es-define-property-1.0.0.tgz",
      "integrity": "sha512-jxayLKShrEqqzJ0eumQbVhTYQM27CfT1T35+gCgDFoL82JLsXqTJ76zv6A0YLOgEnLUMvLzsDsGIrl8NFpT2gQ==",
      "optional": true,
      "dependencies": {
        "get-intrinsic": "^1.2.4"
      },
      "engines": {
        "node": ">= 0.4"
      }
    },
    "node_modules/es-errors": {
      "version": "1.3.0",
      "resolved": "https://registry.npmjs.org/es-errors/-/es-errors-1.3.0.tgz",
      "integrity": "sha512-Zf5H2Kxt2xjTvbJvP2ZWLEICxA6j+hAmMzIlypy4xcBg1vKVnx89Wy0GbS+kf5cwCVFFzdCFh2XSCFNULS6csw==",
      "optional": true,
      "engines": {
        "node": ">= 0.4"
      }
    },
    "node_modules/es6-error": {
      "version": "4.1.1",
      "resolved": "https://registry.npmjs.org/es6-error/-/es6-error-4.1.1.tgz",
      "integrity": "sha512-Um/+FxMr9CISWh0bi5Zv0iOD+4cFh5qLeks1qhAopKVAJw3drgKbKySikp7wGhDL0HPeaja0P5ULZrxLkniUVg==",
      "optional": true
    },
    "node_modules/escape-string-regexp": {
      "version": "4.0.0",
      "resolved": "https://registry.npmjs.org/escape-string-regexp/-/escape-string-regexp-4.0.0.tgz",
      "integrity": "sha512-TtpcNJ3XAzx3Gq8sWRzJaVajRs0uVxA2YAkdb1jm2YkPz4G6egUFAyA3n5vtEIZefPk5Wa4UXbKuS5fKkJWdgA==",
      "optional": true,
      "engines": {
        "node": ">=10"
      },
      "funding": {
        "url": "https://github.com/sponsors/sindresorhus"
      }
    },
    "node_modules/extract-zip": {
      "version": "2.0.1",
      "resolved": "https://registry.npmjs.org/extract-zip/-/extract-zip-2.0.1.tgz",
      "integrity": "sha512-GDhU9ntwuKyGXdZBUgTIe+vXnWj0fppUEtMDL0+idd5Sta8TGpHssn/eusA9mrPr9qNDym6SxAYZjNvCn/9RBg==",
      "dependencies": {
        "debug": "^4.1.1",
        "get-stream": "^5.1.0",
        "yauzl": "^2.10.0"
      },
      "bin": {
        "extract-zip": "cli.js"
      },
      "engines": {
        "node": ">= 10.17.0"
      },
      "optionalDependencies": {
        "@types/yauzl": "^2.9.1"
      }
    },
    "node_modules/fd-slicer": {
      "version": "1.1.0",
      "resolved": "https://registry.npmjs.org/fd-slicer/-/fd-slicer-1.1.0.tgz",
      "integrity": "sha512-cE1qsB/VwyQozZ+q1dGxR8LBYNZeofhEdUNGSMbQD3Gw2lAzX9Zb3uIU6Ebc/Fmyjo9AWWfnn0AUCHqtevs/8g==",
      "dependencies": {
        "pend": "~1.2.0"
      }
    },
    "node_modules/fs-extra": {
      "version": "8.1.0",
      "resolved": "https://registry.npmjs.org/fs-extra/-/fs-extra-8.1.0.tgz",
      "integrity": "sha512-yhlQgA6mnOJUKOsRUFsgJdQCvkKhcz8tlZG5HBQfReYZy46OwLcY+Zia0mtdHsOo9y/hP+CxMN0TU9QxoOtG4g==",
      "dependencies": {
        "graceful-fs": "^4.2.0",
        "jsonfile": "^4.0.0",
        "universalify": "^0.1.0"
      },
      "engines": {
        "node": ">=6 <7 || >=8"
      }
    },
    "node_modules/function-bind": {
      "version": "1.1.2",
      "resolved": "https://registry.npmjs.org/function-bind/-/function-bind-1.1.2.tgz",
      "integrity": "sha512-7XHNxH7qX9xG5mIwxkhumTox/MIRNcOgDrxWsMt2pAr23WHp6MrRlN7FBSFpCpr+oVO0F744iUgR82nJMfG2SA==",
      "optional": true,
      "funding": {
        "url": "https://github.com/sponsors/ljharb"
      }
    },
    "node_modules/get-intrinsic": {
      "version": "1.2.4",
      "resolved": "https://registry.npmjs.org/get-intrinsic/-/get-intrinsic-1.2.4.tgz",
      "integrity": "sha512-5uYhsJH8VJBTv7oslg4BznJYhDoRI6waYCxMmCdnTrcCrHA/fCFKoTFz2JKKE0HdDFUF7/oQuhzumXJK7paBRQ==",
      "optional": true,
      "dependencies": {
        "es-errors": "^1.3.0",
        "function-bind": "^1.1.2",
        "has-proto": "^1.0.1",
        "has-symbols": "^1.0.3",
        "hasown": "^2.0.0"
      },
      "engines": {
        "node": ">= 0.4"
      },
      "funding": {
        "url": "https://github.com/sponsors/ljharb"
      }
    },
    "node_modules/get-stream": {
      "version": "5.2.0",
      "resolved": "https://registry.npmjs.org/get-stream/-/get-stream-5.2.0.tgz",
      "integrity": "sha512-nBF+F1rAZVCu/p7rjzgA+Yb4lfYXrpl7a6VmJrU8wF9I1CKvP/QwPNZHnOlwbTkY6dvtFIzFMSyQXbLoTQPRpA==",
      "dependencies": {
        "pump": "^3.0.0"
      },
      "engines": {
        "node": ">=8"
      },
      "funding": {
        "url": "https://github.com/sponsors/sindresorhus"
      }
    },
    "node_modules/global-agent": {
      "version": "3.0.0",
      "resolved": "https://registry.npmjs.org/global-agent/-/global-agent-3.0.0.tgz",
      "integrity": "sha512-PT6XReJ+D07JvGoxQMkT6qji/jVNfX/h364XHZOWeRzy64sSFr+xJ5OX7LI3b4MPQzdL4H8Y8M0xzPpsVMwA8Q==",
      "optional": true,
      "dependencies": {
        "boolean": "^3.0.1",
        "es6-error": "^4.1.1",
        "matcher": "^3.0.0",
        "roarr": "^2.15.3",
        "semver": "^7.3.2",
        "serialize-error": "^7.0.1"
      },
      "engines": {
        "node": ">=10.0"
      }
    },
    "node_modules/global-agent/node_modules/semver": {
      "version": "7.6.0",
      "resolved": "https://registry.npmjs.org/semver/-/semver-7.6.0.tgz",
      "integrity": "sha512-EnwXhrlwXMk9gKu5/flx5sv/an57AkRplG3hTK68W7FRDN+k+OWBj65M7719OkA82XLBxrcX0KSHj+X5COhOVg==",
      "optional": true,
      "dependencies": {
        "lru-cache": "^6.0.0"
      },
      "bin": {
        "semver": "bin/semver.js"
      },
      "engines": {
        "node": ">=10"
      }
    },
    "node_modules/globalthis": {
      "version": "1.0.3",
      "resolved": "https://registry.npmjs.org/globalthis/-/globalthis-1.0.3.tgz",
      "integrity": "sha512-sFdI5LyBiNTHjRd7cGPWapiHWMOXKyuBNX/cWJ3NfzrZQVa8GI/8cofCl74AOVqq9W5kNmguTIzJ/1s2gyI9wA==",
      "optional": true,
      "dependencies": {
        "define-properties": "^1.1.3"
      },
      "engines": {
        "node": ">= 0.4"
      },
      "funding": {
        "url": "https://github.com/sponsors/ljharb"
      }
    },
    "node_modules/gopd": {
      "version": "1.0.1",
      "resolved": "https://registry.npmjs.org/gopd/-/gopd-1.0.1.tgz",
      "integrity": "sha512-d65bNlIadxvpb/A2abVdlqKqV563juRnZ1Wtk6s1sIR8uNsXR70xqIzVqxVf1eTqDunwT2MkczEeaezCKTZhwA==",
      "optional": true,
      "dependencies": {
        "get-intrinsic": "^1.1.3"
      },
      "funding": {
        "url": "https://github.com/sponsors/ljharb"
      }
    },
    "node_modules/got": {
      "version": "11.8.6",
      "resolved": "https://registry.npmjs.org/got/-/got-11.8.6.tgz",
      "integrity": "sha512-6tfZ91bOr7bOXnK7PRDCGBLa1H4U080YHNaAQ2KsMGlLEzRbk44nsZF2E1IeRc3vtJHPVbKCYgdFbaGO2ljd8g==",
      "dependencies": {
        "@sindresorhus/is": "^4.0.0",
        "@szmarczak/http-timer": "^4.0.5",
        "@types/cacheable-request": "^6.0.1",
        "@types/responselike": "^1.0.0",
        "cacheable-lookup": "^5.0.3",
        "cacheable-request": "^7.0.2",
        "decompress-response": "^6.0.0",
        "http2-wrapper": "^1.0.0-beta.5.2",
        "lowercase-keys": "^2.0.0",
        "p-cancelable": "^2.0.0",
        "responselike": "^2.0.0"
      },
      "engines": {
        "node": ">=10.19.0"
      },
      "funding": {
        "url": "https://github.com/sindresorhus/got?sponsor=1"
      }
    },
    "node_modules/graceful-fs": {
      "version": "4.2.11",
      "resolved": "https://registry.npmjs.org/graceful-fs/-/graceful-fs-4.2.11.tgz",
      "integrity": "sha512-RbJ5/jmFcNNCcDV5o9eTnBLJ/HszWV0P73bc+Ff4nS/rJj+YaS6IGyiOL0VoBYX+l1Wrl3k63h/KrH+nhJ0XvQ=="
    },
    "node_modules/has-property-descriptors": {
      "version": "1.0.2",
      "resolved": "https://registry.npmjs.org/has-property-descriptors/-/has-property-descriptors-1.0.2.tgz",
      "integrity": "sha512-55JNKuIW+vq4Ke1BjOTjM2YctQIvCT7GFzHwmfZPGo5wnrgkid0YQtnAleFSqumZm4az3n2BS+erby5ipJdgrg==",
      "optional": true,
      "dependencies": {
        "es-define-property": "^1.0.0"
      },
      "funding": {
        "url": "https://github.com/sponsors/ljharb"
      }
    },
    "node_modules/has-proto": {
      "version": "1.0.3",
      "resolved": "https://registry.npmjs.org/has-proto/-/has-proto-1.0.3.tgz",
      "integrity": "sha512-SJ1amZAJUiZS+PhsVLf5tGydlaVB8EdFpaSO4gmiUKUOxk8qzn5AIy4ZeJUmh22znIdk/uMAUT2pl3FxzVUH+Q==",
      "optional": true,
      "engines": {
        "node": ">= 0.4"
      },
      "funding": {
        "url": "https://github.com/sponsors/ljharb"
      }
    },
    "node_modules/has-symbols": {
      "version": "1.0.3",
      "resolved": "https://registry.npmjs.org/has-symbols/-/has-symbols-1.0.3.tgz",
      "integrity": "sha512-l3LCuF6MgDNwTDKkdYGEihYjt5pRPbEg46rtlmnSPlUbgmB8LOIrKJbYYFBSbnPaJexMKtiPO8hmeRjRz2Td+A==",
      "optional": true,
      "engines": {
        "node": ">= 0.4"
      },
      "funding": {
        "url": "https://github.com/sponsors/ljharb"
      }
    },
    "node_modules/hasown": {
      "version": "2.0.2",
      "resolved": "https://registry.npmjs.org/hasown/-/hasown-2.0.2.tgz",
      "integrity": "sha512-0hJU9SCPvmMzIBdZFqNPXWa6dqh7WdH0cII9y+CyS8rG3nL48Bclra9HmKhVVUHyPWNH5Y7xDwAB7bfgSjkUMQ==",
      "optional": true,
      "dependencies": {
        "function-bind": "^1.1.2"
      },
      "engines": {
        "node": ">= 0.4"
      }
    },
    "node_modules/hoist-non-react-statics": {
      "version": "3.3.2",
      "resolved": "https://registry.npmjs.org/hoist-non-react-statics/-/hoist-non-react-statics-3.3.2.tgz",
      "integrity": "sha512-/gGivxi8JPKWNm/W0jSmzcMPpfpPLc3dY/6GxhX2hQ9iGj3aDfklV4ET7NjKpSinLpJ5vafa9iiGIEZg10SfBw==",
      "dependencies": {
        "react-is": "^16.7.0"
      }
    },
    "node_modules/hoist-non-react-statics/node_modules/react-is": {
      "version": "16.13.1",
      "resolved": "https://registry.npmjs.org/react-is/-/react-is-16.13.1.tgz",
      "integrity": "sha512-24e6ynE2H+OKt4kqsOvNd8kBpV65zoxbA4BVsEOB3ARVWQki/DHzaUoC5KuON/BiccDaCCTZBuOcfZs70kR8bQ=="
    },
    "node_modules/http-cache-semantics": {
      "version": "4.1.1",
      "resolved": "https://registry.npmjs.org/http-cache-semantics/-/http-cache-semantics-4.1.1.tgz",
      "integrity": "sha512-er295DKPVsV82j5kw1Gjt+ADA/XYHsajl82cGNQG2eyoPkvgUhX+nDIyelzhIWbbsXP39EHcI6l5tYs2FYqYXQ=="
    },
    "node_modules/http2-wrapper": {
      "version": "1.0.3",
      "resolved": "https://registry.npmjs.org/http2-wrapper/-/http2-wrapper-1.0.3.tgz",
      "integrity": "sha512-V+23sDMr12Wnz7iTcDeJr3O6AIxlnvT/bmaAAAP/Xda35C90p9599p0F1eHR/N1KILWSoWVAiOMFjBBXaXSMxg==",
      "dependencies": {
        "quick-lru": "^5.1.1",
        "resolve-alpn": "^1.0.0"
      },
      "engines": {
        "node": ">=10.19.0"
      }
    },
    "node_modules/hyphenate-style-name": {
      "version": "1.0.4",
      "resolved": "https://registry.npmjs.org/hyphenate-style-name/-/hyphenate-style-name-1.0.4.tgz",
      "integrity": "sha512-ygGZLjmXfPHj+ZWh6LwbC37l43MhfztxetbFCoYTM2VjkIUpeHgSNn7QIyVFj7YQ1Wl9Cbw5sholVJPzWvC2MQ=="
    },
    "node_modules/is-in-browser": {
      "version": "1.1.3",
      "resolved": "https://registry.npmjs.org/is-in-browser/-/is-in-browser-1.1.3.tgz",
      "integrity": "sha512-FeXIBgG/CPGd/WUxuEyvgGTEfwiG9Z4EKGxjNMRqviiIIfsmgrpnHLffEDdwUHqNva1VEW91o3xBT/m8Elgl9g=="
    },
    "node_modules/js-tokens": {
      "version": "4.0.0",
      "resolved": "https://registry.npmjs.org/js-tokens/-/js-tokens-4.0.0.tgz",
      "integrity": "sha512-RdJUflcE3cUzKiMqQgsCu06FPu9UdIJO0beYbPhHN4k6apgJtifcoCtT9bcxOpYBtpD2kCM6Sbzg4CausW/PKQ=="
    },
    "node_modules/json-buffer": {
      "version": "3.0.1",
      "resolved": "https://registry.npmjs.org/json-buffer/-/json-buffer-3.0.1.tgz",
      "integrity": "sha512-4bV5BfR2mqfQTJm+V5tPPdf+ZpuhiIvTuAB5g8kcrXOZpTT/QwwVRWBywX1ozr6lEuPdbHxwaJlm9G6mI2sfSQ=="
    },
    "node_modules/json-stringify-safe": {
      "version": "5.0.1",
      "resolved": "https://registry.npmjs.org/json-stringify-safe/-/json-stringify-safe-5.0.1.tgz",
      "integrity": "sha512-ZClg6AaYvamvYEE82d3Iyd3vSSIjQ+odgjaTzRuO3s7toCdFKczob2i0zCh7JE8kWn17yvAWhUVxvqGwUalsRA==",
      "optional": true
    },
    "node_modules/jsonfile": {
      "version": "4.0.0",
      "resolved": "https://registry.npmjs.org/jsonfile/-/jsonfile-4.0.0.tgz",
      "integrity": "sha512-m6F1R3z8jjlf2imQHS2Qez5sjKWQzbuuhuJ/FKYFRZvPE3PuHcSMVZzfsLhGVOkfd20obL5SWEBew5ShlquNxg==",
      "optionalDependencies": {
        "graceful-fs": "^4.1.6"
      }
    },
    "node_modules/jss": {
      "version": "10.10.0",
      "resolved": "https://registry.npmjs.org/jss/-/jss-10.10.0.tgz",
      "integrity": "sha512-cqsOTS7jqPsPMjtKYDUpdFC0AbhYFLTcuGRqymgmdJIeQ8cH7+AgX7YSgQy79wXloZq2VvATYxUOUQEvS1V/Zw==",
      "dependencies": {
        "@babel/runtime": "^7.3.1",
        "csstype": "^3.0.2",
        "is-in-browser": "^1.1.3",
        "tiny-warning": "^1.0.2"
      },
      "funding": {
        "type": "opencollective",
        "url": "https://opencollective.com/jss"
      }
    },
    "node_modules/jss-plugin-camel-case": {
      "version": "10.10.0",
      "resolved": "https://registry.npmjs.org/jss-plugin-camel-case/-/jss-plugin-camel-case-10.10.0.tgz",
      "integrity": "sha512-z+HETfj5IYgFxh1wJnUAU8jByI48ED+v0fuTuhKrPR+pRBYS2EDwbusU8aFOpCdYhtRc9zhN+PJ7iNE8pAWyPw==",
      "dependencies": {
        "@babel/runtime": "^7.3.1",
        "hyphenate-style-name": "^1.0.3",
        "jss": "10.10.0"
      }
    },
    "node_modules/jss-plugin-default-unit": {
      "version": "10.10.0",
      "resolved": "https://registry.npmjs.org/jss-plugin-default-unit/-/jss-plugin-default-unit-10.10.0.tgz",
      "integrity": "sha512-SvpajxIECi4JDUbGLefvNckmI+c2VWmP43qnEy/0eiwzRUsafg5DVSIWSzZe4d2vFX1u9nRDP46WCFV/PXVBGQ==",
      "dependencies": {
        "@babel/runtime": "^7.3.1",
        "jss": "10.10.0"
      }
    },
    "node_modules/jss-plugin-global": {
      "version": "10.10.0",
      "resolved": "https://registry.npmjs.org/jss-plugin-global/-/jss-plugin-global-10.10.0.tgz",
      "integrity": "sha512-icXEYbMufiNuWfuazLeN+BNJO16Ge88OcXU5ZDC2vLqElmMybA31Wi7lZ3lf+vgufRocvPj8443irhYRgWxP+A==",
      "dependencies": {
        "@babel/runtime": "^7.3.1",
        "jss": "10.10.0"
      }
    },
    "node_modules/jss-plugin-nested": {
      "version": "10.10.0",
      "resolved": "https://registry.npmjs.org/jss-plugin-nested/-/jss-plugin-nested-10.10.0.tgz",
      "integrity": "sha512-9R4JHxxGgiZhurDo3q7LdIiDEgtA1bTGzAbhSPyIOWb7ZubrjQe8acwhEQ6OEKydzpl8XHMtTnEwHXCARLYqYA==",
      "dependencies": {
        "@babel/runtime": "^7.3.1",
        "jss": "10.10.0",
        "tiny-warning": "^1.0.2"
      }
    },
    "node_modules/jss-plugin-props-sort": {
      "version": "10.10.0",
      "resolved": "https://registry.npmjs.org/jss-plugin-props-sort/-/jss-plugin-props-sort-10.10.0.tgz",
      "integrity": "sha512-5VNJvQJbnq/vRfje6uZLe/FyaOpzP/IH1LP+0fr88QamVrGJa0hpRRyAa0ea4U/3LcorJfBFVyC4yN2QC73lJg==",
      "dependencies": {
        "@babel/runtime": "^7.3.1",
        "jss": "10.10.0"
      }
    },
    "node_modules/jss-plugin-rule-value-function": {
      "version": "10.10.0",
      "resolved": "https://registry.npmjs.org/jss-plugin-rule-value-function/-/jss-plugin-rule-value-function-10.10.0.tgz",
      "integrity": "sha512-uEFJFgaCtkXeIPgki8ICw3Y7VMkL9GEan6SqmT9tqpwM+/t+hxfMUdU4wQ0MtOiMNWhwnckBV0IebrKcZM9C0g==",
      "dependencies": {
        "@babel/runtime": "^7.3.1",
        "jss": "10.10.0",
        "tiny-warning": "^1.0.2"
      }
    },
    "node_modules/jss-plugin-vendor-prefixer": {
      "version": "10.10.0",
      "resolved": "https://registry.npmjs.org/jss-plugin-vendor-prefixer/-/jss-plugin-vendor-prefixer-10.10.0.tgz",
      "integrity": "sha512-UY/41WumgjW8r1qMCO8l1ARg7NHnfRVWRhZ2E2m0DMYsr2DD91qIXLyNhiX83hHswR7Wm4D+oDYNC1zWCJWtqg==",
      "dependencies": {
        "@babel/runtime": "^7.3.1",
        "css-vendor": "^2.0.8",
        "jss": "10.10.0"
      }
    },
    "node_modules/jss/node_modules/csstype": {
      "version": "3.1.3",
      "resolved": "https://registry.npmjs.org/csstype/-/csstype-3.1.3.tgz",
      "integrity": "sha512-M1uQkMl8rQK/szD0LNhtqxIPLpimGm8sOBwU7lLnCpSbTyY3yeU1Vc7l4KT5zT4s/yOxHH5O7tIuuLOCnLADRw=="
    },
    "node_modules/keyv": {
      "version": "4.5.4",
      "resolved": "https://registry.npmjs.org/keyv/-/keyv-4.5.4.tgz",
      "integrity": "sha512-oxVHkHR/EJf2CNXnWxRLW6mg7JyCCUcG0DtEGmL2ctUo1PNTin1PUil+r/+4r5MpVgC/fn1kjsx7mjSujKqIpw==",
      "dependencies": {
        "json-buffer": "3.0.1"
      }
    },
    "node_modules/loose-envify": {
      "version": "1.4.0",
      "resolved": "https://registry.npmjs.org/loose-envify/-/loose-envify-1.4.0.tgz",
      "integrity": "sha512-lyuxPGr/Wfhrlem2CL/UcnUc1zcqKAImBDzukY7Y5F/yQiNdko6+fRLevlw1HgMySw7f611UIY408EtxRSoK3Q==",
      "dependencies": {
        "js-tokens": "^3.0.0 || ^4.0.0"
      },
      "bin": {
        "loose-envify": "cli.js"
      }
    },
    "node_modules/lowercase-keys": {
      "version": "2.0.0",
      "resolved": "https://registry.npmjs.org/lowercase-keys/-/lowercase-keys-2.0.0.tgz",
      "integrity": "sha512-tqNXrS78oMOE73NMxK4EMLQsQowWf8jKooH9g7xPavRT706R6bkQJ6DY2Te7QukaZsulxa30wQ7bk0pm4XiHmA==",
      "engines": {
        "node": ">=8"
      }
    },
    "node_modules/lru-cache": {
      "version": "6.0.0",
      "resolved": "https://registry.npmjs.org/lru-cache/-/lru-cache-6.0.0.tgz",
      "integrity": "sha512-Jo6dJ04CmSjuznwJSS3pUeWmd/H0ffTlkXXgwZi+eq1UCmqQwCh+eLsYOYCwY991i2Fah4h1BEMCx4qThGbsiA==",
      "optional": true,
      "dependencies": {
        "yallist": "^4.0.0"
      },
      "engines": {
        "node": ">=10"
      }
    },
    "node_modules/matcher": {
      "version": "3.0.0",
      "resolved": "https://registry.npmjs.org/matcher/-/matcher-3.0.0.tgz",
      "integrity": "sha512-OkeDaAZ/bQCxeFAozM55PKcKU0yJMPGifLwV4Qgjitu+5MoAfSQN4lsLJeXZ1b8w0x+/Emda6MZgXS1jvsapng==",
      "optional": true,
      "dependencies": {
        "escape-string-regexp": "^4.0.0"
      },
      "engines": {
        "node": ">=10"
      }
    },
    "node_modules/mimic-response": {
      "version": "1.0.1",
      "resolved": "https://registry.npmjs.org/mimic-response/-/mimic-response-1.0.1.tgz",
      "integrity": "sha512-j5EctnkH7amfV/q5Hgmoal1g2QHFJRraOtmx0JpIqkxhBhI/lJSl1nMpQ45hVarwNETOoWEimndZ4QK0RHxuxQ==",
      "engines": {
        "node": ">=4"
      }
    },
    "node_modules/ms": {
      "version": "2.1.2",
      "resolved": "https://registry.npmjs.org/ms/-/ms-2.1.2.tgz",
      "integrity": "sha512-sGkPx+VjMtmA6MX27oA4FBFELFCZZ4S4XqeGOXCv68tT+jb3vk/RyaKWP0PTKyWtmLSM0b+adUTEvbs1PEaH2w=="
    },
    "node_modules/normalize-url": {
      "version": "6.1.0",
      "resolved": "https://registry.npmjs.org/normalize-url/-/normalize-url-6.1.0.tgz",
      "integrity": "sha512-DlL+XwOy3NxAQ8xuC0okPgK46iuVNAK01YN7RueYBqqFeGsBjV9XmCAzAdgt+667bCl5kPh9EqKKDwnaPG1I7A==",
      "engines": {
        "node": ">=10"
      },
      "funding": {
        "url": "https://github.com/sponsors/sindresorhus"
      }
    },
    "node_modules/object-assign": {
      "version": "4.1.1",
      "resolved": "https://registry.npmjs.org/object-assign/-/object-assign-4.1.1.tgz",
      "integrity": "sha512-rJgTQnkUnH1sFw8yT6VSU3zD3sWmu6sZhIseY8VX+GRu3P6F7Fu+JNDoXfklElbLJSnc3FUQHVe4cU5hj+BcUg==",
      "engines": {
        "node": ">=0.10.0"
      }
    },
    "node_modules/object-keys": {
      "version": "1.1.1",
      "resolved": "https://registry.npmjs.org/object-keys/-/object-keys-1.1.1.tgz",
      "integrity": "sha512-NuAESUOUMrlIXOfHKzD6bpPu3tYt3xvjNdRIQ+FeT0lNb4K8WR70CaDxhuNguS2XG+GjkyMwOzsN5ZktImfhLA==",
      "optional": true,
      "engines": {
        "node": ">= 0.4"
      }
    },
    "node_modules/once": {
      "version": "1.4.0",
      "resolved": "https://registry.npmjs.org/once/-/once-1.4.0.tgz",
      "integrity": "sha512-lNaJgI+2Q5URQBkccEKHTQOPaXdUxnZZElQTZY0MFUAuaEqe1E+Nyvgdz/aIyNi6Z9MzO5dv1H8n58/GELp3+w==",
      "dependencies": {
        "wrappy": "1"
      }
    },
    "node_modules/p-cancelable": {
      "version": "2.1.1",
      "resolved": "https://registry.npmjs.org/p-cancelable/-/p-cancelable-2.1.1.tgz",
      "integrity": "sha512-BZOr3nRQHOntUjTrH8+Lh54smKHoHyur8We1V8DSMVrl5A2malOOwuJRnKRDjSnkoeBh4at6BwEnb5I7Jl31wg==",
      "engines": {
        "node": ">=8"
      }
    },
    "node_modules/pend": {
      "version": "1.2.0",
      "resolved": "https://registry.npmjs.org/pend/-/pend-1.2.0.tgz",
      "integrity": "sha512-F3asv42UuXchdzt+xXqfW1OGlVBe+mxa2mqI0pg5yAHZPvFmY3Y6drSf/GQ1A86WgWEN9Kzh/WrgKa6iGcHXLg=="
    },
    "node_modules/popper.js": {
      "version": "1.16.1-lts",
      "resolved": "https://registry.npmjs.org/popper.js/-/popper.js-1.16.1-lts.tgz",
      "integrity": "sha512-Kjw8nKRl1m+VrSFCoVGPph93W/qrSO7ZkqPpTf7F4bk/sqcfWK019dWBUpE/fBOsOQY1dks/Bmcbfn1heM/IsA=="
    },
    "node_modules/progress": {
      "version": "2.0.3",
      "resolved": "https://registry.npmjs.org/progress/-/progress-2.0.3.tgz",
      "integrity": "sha512-7PiHtLll5LdnKIMw100I+8xJXR5gW2QwWYkT6iJva0bXitZKa/XMrSbdmg3r2Xnaidz9Qumd0VPaMrZlF9V9sA==",
      "engines": {
        "node": ">=0.4.0"
      }
    },
    "node_modules/prop-types": {
      "version": "15.8.1",
      "resolved": "https://registry.npmjs.org/prop-types/-/prop-types-15.8.1.tgz",
      "integrity": "sha512-oj87CgZICdulUohogVAR7AjlC0327U4el4L6eAvOqCeudMDVU0NThNaV+b9Df4dXgSP1gXMTnPdhfe/2qDH5cg==",
      "dependencies": {
        "loose-envify": "^1.4.0",
        "object-assign": "^4.1.1",
        "react-is": "^16.13.1"
      }
    },
    "node_modules/prop-types/node_modules/react-is": {
      "version": "16.13.1",
      "resolved": "https://registry.npmjs.org/react-is/-/react-is-16.13.1.tgz",
      "integrity": "sha512-24e6ynE2H+OKt4kqsOvNd8kBpV65zoxbA4BVsEOB3ARVWQki/DHzaUoC5KuON/BiccDaCCTZBuOcfZs70kR8bQ=="
    },
    "node_modules/pump": {
      "version": "3.0.0",
      "resolved": "https://registry.npmjs.org/pump/-/pump-3.0.0.tgz",
      "integrity": "sha512-LwZy+p3SFs1Pytd/jYct4wpv49HiYCqd9Rlc5ZVdk0V+8Yzv6jR5Blk3TRmPL1ft69TxP0IMZGJ+WPFU2BFhww==",
      "dependencies": {
        "end-of-stream": "^1.1.0",
        "once": "^1.3.1"
      }
    },
    "node_modules/quick-lru": {
      "version": "5.1.1",
      "resolved": "https://registry.npmjs.org/quick-lru/-/quick-lru-5.1.1.tgz",
      "integrity": "sha512-WuyALRjWPDGtt/wzJiadO5AXY+8hZ80hVpe6MyivgraREW751X3SbhRvG3eLKOYN+8VEvqLcf3wdnt44Z4S4SA==",
      "engines": {
        "node": ">=10"
      },
      "funding": {
        "url": "https://github.com/sponsors/sindresorhus"
      }
    },
    "node_modules/react": {
      "version": "17.0.2",
      "resolved": "https://registry.npmjs.org/react/-/react-17.0.2.tgz",
      "integrity": "sha512-gnhPt75i/dq/z3/6q/0asP78D0u592D5L1pd7M8P+dck6Fu/jJeL6iVVK23fptSUZj8Vjf++7wXA8UNclGQcbA==",
      "dependencies": {
        "loose-envify": "^1.1.0",
        "object-assign": "^4.1.1"
      },
      "engines": {
        "node": ">=0.10.0"
      }
    },
    "node_modules/react-dom": {
      "version": "17.0.2",
      "resolved": "https://registry.npmjs.org/react-dom/-/react-dom-17.0.2.tgz",
      "integrity": "sha512-s4h96KtLDUQlsENhMn1ar8t2bEa+q/YAtj8pPPdIjPDGBDIVNsrD9aXNWqspUe6AzKCIG0C1HZZLqLV7qpOBGA==",
      "dependencies": {
        "loose-envify": "^1.1.0",
        "object-assign": "^4.1.1",
        "scheduler": "^0.20.2"
      },
      "peerDependencies": {
        "react": "17.0.2"
      }
    },
    "node_modules/react-is": {
      "version": "17.0.2",
      "resolved": "https://registry.npmjs.org/react-is/-/react-is-17.0.2.tgz",
      "integrity": "sha512-w2GsyukL62IJnlaff/nRegPQR94C/XXamvMWmSHRJ4y7Ts/4ocGRmTHvOs8PSE6pB3dWOrD/nueuU5sduBsQ4w=="
    },
    "node_modules/react-transition-group": {
      "version": "4.4.5",
      "resolved": "https://registry.npmjs.org/react-transition-group/-/react-transition-group-4.4.5.tgz",
      "integrity": "sha512-pZcd1MCJoiKiBR2NRxeCRg13uCXbydPnmB4EOeRrY7480qNWO8IIgQG6zlDkm6uRMsURXPuKq0GWtiM59a5Q6g==",
      "dependencies": {
        "@babel/runtime": "^7.5.5",
        "dom-helpers": "^5.0.1",
        "loose-envify": "^1.4.0",
        "prop-types": "^15.6.2"
      },
      "peerDependencies": {
        "react": ">=16.6.0",
        "react-dom": ">=16.6.0"
      }
    },
    "node_modules/regenerator-runtime": {
      "version": "0.14.1",
      "resolved": "https://registry.npmjs.org/regenerator-runtime/-/regenerator-runtime-0.14.1.tgz",
      "integrity": "sha512-dYnhHh0nJoMfnkZs6GmmhFknAGRrLznOu5nc9ML+EJxGvrx6H7teuevqVqCuPcPK//3eDrrjQhehXVx9cnkGdw=="
    },
    "node_modules/resolve-alpn": {
      "version": "1.2.1",
      "resolved": "https://registry.npmjs.org/resolve-alpn/-/resolve-alpn-1.2.1.tgz",
      "integrity": "sha512-0a1F4l73/ZFZOakJnQ3FvkJ2+gSTQWz/r2KE5OdDY0TxPm5h4GkqkWWfM47T7HsbnOtcJVEF4epCVy6u7Q3K+g=="
    },
    "node_modules/responselike": {
      "version": "2.0.1",
      "resolved": "https://registry.npmjs.org/responselike/-/responselike-2.0.1.tgz",
      "integrity": "sha512-4gl03wn3hj1HP3yzgdI7d3lCkF95F21Pz4BPGvKHinyQzALR5CapwC8yIi0Rh58DEMQ/SguC03wFj2k0M/mHhw==",
      "dependencies": {
        "lowercase-keys": "^2.0.0"
      },
      "funding": {
        "url": "https://github.com/sponsors/sindresorhus"
      }
    },
    "node_modules/roarr": {
      "version": "2.15.4",
      "resolved": "https://registry.npmjs.org/roarr/-/roarr-2.15.4.tgz",
      "integrity": "sha512-CHhPh+UNHD2GTXNYhPWLnU8ONHdI+5DI+4EYIAOaiD63rHeYlZvyh8P+in5999TTSFgUYuKUAjzRI4mdh/p+2A==",
      "optional": true,
      "dependencies": {
        "boolean": "^3.0.1",
        "detect-node": "^2.0.4",
        "globalthis": "^1.0.1",
        "json-stringify-safe": "^5.0.1",
        "semver-compare": "^1.0.0",
        "sprintf-js": "^1.1.2"
      },
      "engines": {
        "node": ">=8.0"
      }
    },
    "node_modules/scheduler": {
      "version": "0.20.2",
      "resolved": "https://registry.npmjs.org/scheduler/-/scheduler-0.20.2.tgz",
      "integrity": "sha512-2eWfGgAqqWFGqtdMmcL5zCMK1U8KlXv8SQFGglL3CEtd0aDVDWgeF/YoCmvln55m5zSk3J/20hTaSBeSObsQDQ==",
      "dependencies": {
        "loose-envify": "^1.1.0",
        "object-assign": "^4.1.1"
      }
    },
    "node_modules/semver": {
      "version": "6.3.1",
      "resolved": "https://registry.npmjs.org/semver/-/semver-6.3.1.tgz",
      "integrity": "sha512-BR7VvDCVHO+q2xBEWskxS6DJE1qRnb7DxzUrogb71CWoSficBxYsiAGd+Kl0mmq/MprG9yArRkyrQxTO6XjMzA==",
      "bin": {
        "semver": "bin/semver.js"
      }
    },
    "node_modules/semver-compare": {
      "version": "1.0.0",
      "resolved": "https://registry.npmjs.org/semver-compare/-/semver-compare-1.0.0.tgz",
      "integrity": "sha512-YM3/ITh2MJ5MtzaM429anh+x2jiLVjqILF4m4oyQB18W7Ggea7BfqdH/wGMK7dDiMghv/6WG7znWMwUDzJiXow==",
      "optional": true
    },
    "node_modules/serialize-error": {
      "version": "7.0.1",
      "resolved": "https://registry.npmjs.org/serialize-error/-/serialize-error-7.0.1.tgz",
      "integrity": "sha512-8I8TjW5KMOKsZQTvoxjuSIa7foAwPWGOts+6o7sgjz41/qMD9VQHEDxi6PBvK2l0MXUmqZyNpUK+T2tQaaElvw==",
      "optional": true,
      "dependencies": {
        "type-fest": "^0.13.1"
      },
      "engines": {
        "node": ">=10"
      },
      "funding": {
        "url": "https://github.com/sponsors/sindresorhus"
      }
    },
    "node_modules/sprintf-js": {
      "version": "1.1.3",
      "resolved": "https://registry.npmjs.org/sprintf-js/-/sprintf-js-1.1.3.tgz",
      "integrity": "sha512-Oo+0REFV59/rz3gfJNKQiBlwfHaSESl1pcGyABQsnnIfWOFt6JNj5gCog2U6MLZ//IGYD+nA8nI+mTShREReaA==",
      "optional": true
    },
    "node_modules/sumchecker": {
      "version": "3.0.1",
      "resolved": "https://registry.npmjs.org/sumchecker/-/sumchecker-3.0.1.tgz",
      "integrity": "sha512-MvjXzkz/BOfyVDkG0oFOtBxHX2u3gKbMHIF/dXblZsgD3BWOFLmHovIpZY7BykJdAjcqRCBi1WYBNdEC9yI7vg==",
      "dependencies": {
        "debug": "^4.1.0"
      },
      "engines": {
        "node": ">= 8.0"
      }
    },
    "node_modules/tiny-warning": {
      "version": "1.0.3",
      "resolved": "https://registry.npmjs.org/tiny-warning/-/tiny-warning-1.0.3.tgz",
      "integrity": "sha512-lBN9zLN/oAf68o3zNXYrdCt1kP8WsiGW8Oo2ka41b2IM5JL/S1CTyX1rW0mb/zSuJun0ZUrDxx4sqvYS2FWzPA=="
    },
    "node_modules/type-fest": {
      "version": "0.13.1",
      "resolved": "https://registry.npmjs.org/type-fest/-/type-fest-0.13.1.tgz",
      "integrity": "sha512-34R7HTnG0XIJcBSn5XhDd7nNFPRcXYRZrBB2O2jdKqYODldSzBAqzsWoZYYvduky73toYS/ESqxPvkDf/F0XMg==",
      "optional": true,
      "engines": {
        "node": ">=10"
      },
      "funding": {
        "url": "https://github.com/sponsors/sindresorhus"
      }
    },
    "node_modules/typescript": {
      "version": "5.4.2",
      "resolved": "https://registry.npmjs.org/typescript/-/typescript-5.4.2.tgz",
      "integrity": "sha512-+2/g0Fds1ERlP6JsakQQDXjZdZMM+rqpamFZJEKh4kwTIn3iDkgKtby0CeNd5ATNZ4Ry1ax15TMx0W2V+miizQ==",
      "dev": true,
      "bin": {
        "tsc": "bin/tsc",
        "tsserver": "bin/tsserver"
      },
      "engines": {
        "node": ">=14.17"
      }
    },
    "node_modules/undici-types": {
      "version": "5.26.5",
      "resolved": "https://registry.npmjs.org/undici-types/-/undici-types-5.26.5.tgz",
      "integrity": "sha512-JlCMO+ehdEIKqlFxk6IfVoAUVmgz7cU7zD/h9XZ0qzeosSHmUJVOzSQvvYSYWXkFXC+IfLKSIffhv0sVZup6pA=="
    },
    "node_modules/universalify": {
      "version": "0.1.2",
      "resolved": "https://registry.npmjs.org/universalify/-/universalify-0.1.2.tgz",
      "integrity": "sha512-rBJeI5CXAlmy1pV+617WB9J63U6XcazHHF2f2dbJix4XzpUF0RS3Zbj0FGIOCAva5P/d/GBOYaACQ1w+0azUkg==",
      "engines": {
        "node": ">= 4.0.0"
      }
    },
    "node_modules/wrappy": {
      "version": "1.0.2",
      "resolved": "https://registry.npmjs.org/wrappy/-/wrappy-1.0.2.tgz",
      "integrity": "sha512-l4Sp/DRseor9wL6EvV2+TuQn63dMkPjZ/sp9XkghTEbV9KlPS1xUsZ3u7/IQO4wxtcFB4bgpQPRcR3QCvezPcQ=="
    },
    "node_modules/yallist": {
      "version": "4.0.0",
      "resolved": "https://registry.npmjs.org/yallist/-/yallist-4.0.0.tgz",
      "integrity": "sha512-3wdGidZyq5PB084XLES5TpOSRA3wjXAlIWMhum2kRcv/41Sn2emQ0dycQW4uZXLejwKvg6EsvbdlVL+FYEct7A==",
      "optional": true
    },
    "node_modules/yauzl": {
      "version": "2.10.0",
      "resolved": "https://registry.npmjs.org/yauzl/-/yauzl-2.10.0.tgz",
      "integrity": "sha512-p4a9I6X6nu6IhoGmBqAcbJy1mlC4j27vEPZX9F4L4/vZT3Lyq1VkFHw/V/PUcB9Buo+DG3iHkT0x3Qya58zc3g==",
      "dependencies": {
        "buffer-crc32": "~0.2.3",
        "fd-slicer": "~1.1.0"
      }
    }
  }
}
