
Microsoft Visual Studio Solution File, Format Version 12.00
# Visual Studio Version 17
VisualStudioVersion = 17.8.34330.188
MinimumVisualStudioVersion = 10.0.40219.1
Project("{FAE04EC0-301F-11D3-BF4B-00C04F79EFBC}") = "Innerlink", "Innerlink\Innerlink.csproj", "{B37EA8B5-CCCB-41C4-A8F2-56AB647C3302}"
EndProject
Global
	GlobalSection(SolutionConfigurationPlatforms) = preSolution
		Debug|Any CPU = Debug|Any CPU
		Release|Any CPU = Release|Any CPU
	EndGlobalSection
	GlobalSection(ProjectConfigurationPlatforms) = postSolution
		{B37EA8B5-CCCB-41C4-A8F2-56AB647C3302}.Debug|Any CPU.ActiveCfg = Debug|Any CPU
		{B37EA8B5-CCCB-41C4-A8F2-56AB647C3302}.Debug|Any CPU.Build.0 = Debug|Any CPU
		{B37EA8B5-CCCB-41C4-A8F2-56AB647C3302}.Release|Any CPU.ActiveCfg = Release|Any CPU
		{B37EA8B5-CCCB-41C4-A8F2-56AB647C3302}.Release|Any CPU.Build.0 = Release|Any CPU
	EndGlobalSection
	GlobalSection(SolutionProperties) = preSolution
		HideSolutionNode = FALSE
	EndGlobalSection
	GlobalSection(ExtensibilityGlobals) = postSolution
		SolutionGuid = {B792526D-0126-4A47-84E7-A9201FE4C76C}
	EndGlobalSection
EndGlobal
